<?xml version="1.0" encoding="utf-8"?>
<Project ToolsVersion="4.0" xmlns="http://schemas.microsoft.com/developer/msbuild/2003">
  <ItemGroup>
    <Filter Include="File di origine">
      <UniqueIdentifier>{4FC737F1-C7A5-4376-A066-2A32D752A2FF}</UniqueIdentifier>
      <Extensions>cpp;c;cc;cxx;c++;cppm;ixx;def;odl;idl;hpj;bat;asm;asmx</Extensions>
    </Filter>
    <Filter Include="File di intestazione">
      <UniqueIdentifier>{93995380-89BD-4b04-88EB-625FBE52EBFB}</UniqueIdentifier>
      <Extensions>h;hh;hpp;hxx;h++;hm;inl;inc;ipp;xsd</Extensions>
    </Filter>
    <Filter Include="File di risorse">
      <UniqueIdentifier>{67DA6AB6-F800-4c08-8B7A-83BB121AAD01}</UniqueIdentifier>
      <Extensions>rc;ico;cur;bmp;dlg;rc2;rct;bin;rgs;gif;jpg;jpeg;jpe;resx;tiff;tif;png;wav;mfcribbon-ms</Extensions>
    </Filter>
    <Filter Include="imgui">
      <UniqueIdentifier>{196df7c4-f434-447f-91f8-ab625ff207ec}</UniqueIdentifier>
    </Filter>
    <Filter Include="nfd">
      <UniqueIdentifier>{101cf894-6bec-4dd5-b289-53341a20c164}</UniqueIdentifier>
    </Filter>
    <Filter Include="lib">
      <UniqueIdentifier>{3f7b0cb7-98e6-4d76-b896-9b3eb5c0a77a}</UniqueIdentifier>
    </Filter>
  </ItemGroup>
  <ItemGroup>
    <ClCompile Include="main.cpp">
      <Filter>File di origine</Filter>
    </ClCompile>
    <ClCompile Include="src\read_file.cpp">
      <Filter>File di risorse</Filter>
    </ClCompile>
    <ClCompile Include="src\vk_engine.cpp">
      <Filter>File di origine</Filter>
    </ClCompile>
    <ClCompile Include="src\clamp.cpp">
      <Filter>File di origine</Filter>
    </ClCompile>
    <ClCompile Include="src\vk_objects.cpp">
      <Filter>File di origine</Filter>
    </ClCompile>
    <ClCompile Include="src\scene.cpp">
      <Filter>File di origine</Filter>
    </ClCompile>
    <ClCompile Include="C:\Users\Soldo\Documents\Visual Studio 2019\Libraries\imgui\imgui.cpp">
      <Filter>imgui</Filter>
    </ClCompile>
    <ClCompile Include="C:\Users\Soldo\Documents\Visual Studio 2019\Libraries\imgui\imgui_demo.cpp">
      <Filter>imgui</Filter>
    </ClCompile>
    <ClCompile Include="C:\Users\Soldo\Documents\Visual Studio 2019\Libraries\imgui\imgui_draw.cpp">
      <Filter>imgui</Filter>
    </ClCompile>
    <ClCompile Include="C:\Users\Soldo\Documents\Visual Studio 2019\Libraries\imgui\imgui_widgets.cpp">
      <Filter>imgui</Filter>
    </ClCompile>
    <ClCompile Include="C:\Users\Soldo\Documents\Visual Studio 2019\Libraries\imgui\imgui_tables.cpp">
      <Filter>imgui</Filter>
    </ClCompile>
    <ClCompile Include="C:\Users\Soldo\Documents\Visual Studio 2019\Libraries\imgui\backends\imgui_impl_glfw.cpp">
      <Filter>imgui</Filter>
    </ClCompile>
    <ClCompile Include="C:\Users\Soldo\Documents\Visual Studio 2019\Libraries\imgui\backends\imgui_impl_vulkan.cpp">
      <Filter>imgui</Filter>
    </ClCompile>
    <ClCompile Include="src\ui.cpp">
      <Filter>File di origine</Filter>
    </ClCompile>
    <ClCompile Include="C:\Users\Soldo\Documents\Visual Studio 2019\Libraries\nativefiledialog-release_116\src\nfd_win.cpp">
      <Filter>nfd</Filter>
    </ClCompile>
    <ClCompile Include="C:\Users\Soldo\Documents\Visual Studio 2019\Libraries\nativefiledialog-release_116\src\nfd_common.c">
      <Filter>nfd</Filter>
    </ClCompile>
    <ClCompile Include="src\media_manager.cpp">
      <Filter>File di origine</Filter>
    </ClCompile>
    <ClCompile Include="src\vk_utils.cpp">
      <Filter>File di origine</Filter>
    </ClCompile>
    <ClCompile Include="src\vk_video.cpp">
      <Filter>File di origine</Filter>
    </ClCompile>
    <ClCompile Include="src\vk_output.cpp">
      <Filter>File di origine</Filter>
    </ClCompile>
  </ItemGroup>
  <ItemGroup>
    <None Include="shaders\texture.frag" />
    <None Include="shaders\compile.bat">
      <Filter>File di origine</Filter>
    </None>
    <None Include="shaders\color.frag" />
    <None Include="readme.md" />
  </ItemGroup>
  <ItemGroup>
    <ClInclude Include="include\read_file.h">
      <Filter>File di intestazione</Filter>
    </ClInclude>
    <ClInclude Include="include\vk_types.h">
      <Filter>File di intestazione</Filter>
    </ClInclude>
    <ClInclude Include="include\vk_engine.h">
      <Filter>File di intestazione</Filter>
    </ClInclude>
    <ClInclude Include="include\clamp.h">
      <Filter>File di intestazione</Filter>
    </ClInclude>
    <ClInclude Include="include\vk_objects.h">
      <Filter>File di intestazione</Filter>
    </ClInclude>
    <ClInclude Include="include\scene.h">
      <Filter>File di intestazione</Filter>
    </ClInclude>
    <ClInclude Include="C:\Users\Soldo\Documents\Visual Studio 2019\Libraries\imgui\imgui.h">
      <Filter>imgui</Filter>
    </ClInclude>
    <ClInclude Include="C:\Users\Soldo\Documents\Visual Studio 2019\Libraries\imgui\imgui_internal.h">
      <Filter>imgui</Filter>
    </ClInclude>
    <ClInclude Include="include\ui.h">
      <Filter>File di intestazione</Filter>
    </ClInclude>
    <ClInclude Include="include\media_manager.h">
      <Filter>File di intestazione</Filter>
    </ClInclude>
    <ClInclude Include="include\vk_utils.h">
      <Filter>File di intestazione</Filter>
    </ClInclude>
    <ClInclude Include="include\vk_video.h">
      <Filter>File di intestazione</Filter>
    </ClInclude>
    <ClInclude Include="include\h264.h">
      <Filter>File di intestazione</Filter>
    </ClInclude>
    <ClInclude Include="include\vk_output.h">
      <Filter>File di intestazione</Filter>
    </ClInclude>
  </ItemGroup>
</Project>